
Microsoft Visual Studio Solution File, Format Version 12.00
# Visual Studio 15
VisualStudioVersion = 15.0.28307.960
MinimumVisualStudioVersion = 10.0.40219.1
Project("{FAE04EC0-301F-11D3-BF4B-00C04F79EFBC}") = "NBackGame", "NBackGame.csproj", "{ED11059F-292A-4110-9D47-44FB69FCCA71}"
EndProject
Global
	GlobalSection(SolutionConfigurationPlatforms) = preSolution
		Debug|Any CPU = Debug|Any CPU
		Release|Any CPU = Release|Any CPU
	EndGlobalSection
	GlobalSection(ProjectConfigurationPlatforms) = postSolution
		{ED11059F-292A-4110-9D47-44FB69FCCA71}.Debug|Any CPU.ActiveCfg = Debug|Any CPU
		{ED11059F-292A-4110-9D47-44FB69FCCA71}.Debug|Any CPU.Build.0 = Debug|Any CPU
		{ED11059F-292A-4110-9D47-44FB69FCCA71}.Release|Any CPU.ActiveCfg = Release|Any CPU
		{ED11059F-292A-4110-9D47-44FB69FCCA71}.Release|Any CPU.Build.0 = Release|Any CPU
	EndGlobalSection
	GlobalSection(SolutionProperties) = preSolution
		HideSolutionNode = FALSE
	EndGlobalSection
	GlobalSection(ExtensibilityGlobals) = postSolution
		SolutionGuid = {BEF2D9F3-D682-4AC3-9392-A62165F73F6F}
	EndGlobalSection
EndGlobal
